
Microsoft Visual Studio Solution File, Format Version 12.00
# Visual Studio Version 16
VisualStudioVersion = 16.0.29025.244
MinimumVisualStudioVersion = 10.0.40219.1
Project("{FAE04EC0-301F-11D3-BF4B-00C04F79EFBC}") = "WebApi", "WebApi\WebApi.csproj", "{EE1129B2-9FEC-4DE1-9BBA-E476B717CE05}"
EndProject
Global
	GlobalSection(SolutionConfigurationPlatforms) = preSolution
		Debug|Any CPU = Debug|Any CPU
		Release|Any CPU = Release|Any CPU
	EndGlobalSection
	GlobalSection(ProjectConfigurationPlatforms) = postSolution
		{EE1129B2-9FEC-4DE1-9BBA-E476B717CE05}.Debug|Any CPU.ActiveCfg = Debug|Any CPU
		{EE1129B2-9FEC-4DE1-9BBA-E476B717CE05}.Debug|Any CPU.Build.0 = Debug|Any CPU
		{EE1129B2-9FEC-4DE1-9BBA-E476B717CE05}.Release|Any CPU.ActiveCfg = Release|Any CPU
		{EE1129B2-9FEC-4DE1-9BBA-E476B717CE05}.Release|Any CPU.Build.0 = Release|Any CPU
	EndGlobalSection
	GlobalSection(SolutionProperties) = preSolution
		HideSolutionNode = FALSE
	EndGlobalSection
	GlobalSection(ExtensibilityGlobals) = postSolution
		SolutionGuid = {D0B454A0-071B-44F7-BF71-CC9BB9A1FFC5}
	EndGlobalSection
EndGlobal
